
Microsoft Visual Studio Solution File, Format Version 12.00
# Visual Studio Version 16
VisualStudioVersion = 16.0.31702.278
MinimumVisualStudioVersion = 10.0.40219.1
Project("{FAE04EC0-301F-11D3-BF4B-00C04F79EFBC}") = "Lab4", "Lab4.csproj", "{2664A1F6-45CE-4D8D-A0EC-4D7EB857DF60}"
EndProject
Global
	GlobalSection(SolutionConfigurationPlatforms) = preSolution
		Debug|Any CPU = Debug|Any CPU
		Release|Any CPU = Release|Any CPU
	EndGlobalSection
	GlobalSection(ProjectConfigurationPlatforms) = postSolution
		{2664A1F6-45CE-4D8D-A0EC-4D7EB857DF60}.Debug|Any CPU.ActiveCfg = Debug|Any CPU
		{2664A1F6-45CE-4D8D-A0EC-4D7EB857DF60}.Debug|Any CPU.Build.0 = Debug|Any CPU
		{2664A1F6-45CE-4D8D-A0EC-4D7EB857DF60}.Release|Any CPU.ActiveCfg = Release|Any CPU
		{2664A1F6-45CE-4D8D-A0EC-4D7EB857DF60}.Release|Any CPU.Build.0 = Release|Any CPU
	EndGlobalSection
	GlobalSection(SolutionProperties) = preSolution
		HideSolutionNode = FALSE
	EndGlobalSection
	GlobalSection(ExtensibilityGlobals) = postSolution
		SolutionGuid = {2B1AED52-FDD0-4AC8-9D6A-A9D3C7CC0B3E}
	EndGlobalSection
EndGlobal
